
Microsoft Visual Studio Solution File, Format Version 12.00
# Visual Studio Version 17
VisualStudioVersion = 17.12.35521.163 d17.12
MinimumVisualStudioVersion = 10.0.40219.1
Project("{FAE04EC0-301F-11D3-BF4B-00C04F79EFBC}") = "PaymentApi", "PaymentApi.csproj", "{3BEF0BD7-DE3B-49DF-BCE1-EF293163BBD3}"
EndProject
Global
	GlobalSection(SolutionConfigurationPlatforms) = preSolution
		Debug|Any CPU = Debug|Any CPU
		Release|Any CPU = Release|Any CPU
	EndGlobalSection
	GlobalSection(ProjectConfigurationPlatforms) = postSolution
		{3BEF0BD7-DE3B-49DF-BCE1-EF293163BBD3}.Debug|Any CPU.ActiveCfg = Debug|Any CPU
		{3BEF0BD7-DE3B-49DF-BCE1-EF293163BBD3}.Debug|Any CPU.Build.0 = Debug|Any CPU
		{3BEF0BD7-DE3B-49DF-BCE1-EF293163BBD3}.Release|Any CPU.ActiveCfg = Release|Any CPU
		{3BEF0BD7-DE3B-49DF-BCE1-EF293163BBD3}.Release|Any CPU.Build.0 = Release|Any CPU
	EndGlobalSection
	GlobalSection(SolutionProperties) = preSolution
		HideSolutionNode = FALSE
	EndGlobalSection
EndGlobal
